<?xml version="1.0" encoding="utf-8"?>
<Project ToolsVersion="4.0" xmlns="http://schemas.microsoft.com/developer/msbuild/2003">
  <ItemGroup>
    <Filter Include="allFiles">
      <UniqueIdentifier>{01011766-43b3-4236-916f-8f7b3c1c2d6a}</UniqueIdentifier>
    </Filter>
    <Filter Include="allFiles\src">
      <UniqueIdentifier>{3d91864f-dc60-4a43-a7f5-891dc30cc3bc}</UniqueIdentifier>
    </Filter>
    <Filter Include="allFiles\lib">
      <UniqueIdentifier>{a088bdc8-5227-4bac-96d7-21b6de05904a}</UniqueIdentifier>
    </Filter>
    <Filter Include="allFiles\src\entity">
      <UniqueIdentifier>{9246abf5-35f4-460d-9302-1b7451171a3a}</UniqueIdentifier>
    </Filter>
    <Filter Include="allFiles\src\game_manager">
      <UniqueIdentifier>{17528e91-87c0-4e6b-b832-c8ed52449409}</UniqueIdentifier>
    </Filter>
    <Filter Include="allFiles\src\game_scenes">
      <UniqueIdentifier>{5e3b33fb-7277-4921-9360-15a96487c13c}</UniqueIdentifier>
    </Filter>
    <Filter Include="allFiles\src\game_scenes\levels">
      <UniqueIdentifier>{e9344ba3-d6d7-4e78-a92a-8180e0ce345c}</UniqueIdentifier>
    </Filter>
    <Filter Include="allFiles\src\game_scenes\screens">
      <UniqueIdentifier>{b1de9955-f739-42ac-97ec-f0180f3ecd61}</UniqueIdentifier>
    </Filter>
    <Filter Include="allFiles\src\game_scenes\levels\0_test">
      <UniqueIdentifier>{91b7e9bd-edf9-4ad6-aea7-784046ac4cc2}</UniqueIdentifier>
    </Filter>
    <Filter Include="allFiles\src\scene_manager">
      <UniqueIdentifier>{5ff187c4-9f07-459a-95bc-20c7ca1992d5}</UniqueIdentifier>
    </Filter>
    <Filter Include="allFiles\src\player">
      <UniqueIdentifier>{979570ca-81e2-4467-b388-7d48d163c271}</UniqueIdentifier>
    </Filter>
  </ItemGroup>
  <ItemGroup>
    <ClCompile Include="src\main.cpp">
      <Filter>allFiles\src</Filter>
    </ClCompile>
    <ClCompile Include="src\entity\entity.cpp">
      <Filter>allFiles\src\entity</Filter>
    </ClCompile>
    <ClCompile Include="src\game_manager\game_manager.cpp">
      <Filter>allFiles\src\game_manager</Filter>
    </ClCompile>
    <ClCompile Include="src\game_scenes\scene.cpp">
      <Filter>allFiles\src\game_scenes</Filter>
    </ClCompile>
    <ClCompile Include="src\game_scenes\levels\0_test\level_test.cpp">
      <Filter>allFiles\src\game_scenes\levels\0_test</Filter>
    </ClCompile>
    <ClCompile Include="src\scene_manager\scene_manager.cpp">
      <Filter>allFiles\src\scene_manager</Filter>
    </ClCompile>
  </ItemGroup>
  <ItemGroup>
    <ClInclude Include="src\entity\entity.h">
      <Filter>allFiles\src\entity</Filter>
    </ClInclude>
    <ClInclude Include="src\game_manager\game_manager.h">
      <Filter>allFiles\src\game_manager</Filter>
    </ClInclude>
    <ClInclude Include="src\game_scenes\scene.h">
      <Filter>allFiles\src\game_scenes</Filter>
    </ClInclude>
    <ClInclude Include="src\game_scenes\levels\0_test\level_test.h">
      <Filter>allFiles\src\game_scenes\levels\0_test</Filter>
    </ClInclude>
    <ClInclude Include="src\scene_manager\scene_manager.h">
      <Filter>allFiles\src\scene_manager</Filter>
    </ClInclude>
    <ClInclude Include="src\player\player.h">
      <Filter>allFiles\src\player</Filter>
    </ClInclude>
  </ItemGroup>
</Project>